{
  "name": "mail-cli",
  "version": "1.0.0",
  "lockfileVersion": 2,
  "requires": true,
  "packages": {
    "": {
      "name": "mail-cli",
      "version": "1.0.0",
      "license": "MIT",
      "dependencies": {
        "minimist": "^1.2.5",
        "nodemailer": "^6.4.6"
      }
    },
    "node_modules/minimist": {
      "version": "1.2.5",
      "resolved": "https://registry.npmjs.org/minimist/-/minimist-1.2.5.tgz",
      "integrity": "sha512-FM9nNUYrRBAELZQT3xeZQ7fmMOBg6nWNmJKTcgsJeaLstP/UODVpGsr5OhXhhXg6f+qtJ8uiZ+PUxkDWcgIXLw=="
    },
    "node_modules/nodemailer": {
      "version": "6.4.6",
      "resolved": "https://registry.npmjs.org/nodemailer/-/nodemailer-6.4.6.tgz",
      "integrity": "sha512-/kJ+FYVEm2HuUlw87hjSqTss+GU35D4giOpdSfGp7DO+5h6RlJj7R94YaYHOkoxu1CSaM0d3WRBtCzwXrY6MKA==",
      "hasInstallScript": true,
      "engines": {
        "node": ">=6.0.0"
      }
    }
  },
  "dependencies": {
    "minimist": {
      "version": "1.2.5",
      "resolved": "https://registry.npmjs.org/minimist/-/minimist-1.2.5.tgz",
      "integrity": "sha512-FM9nNUYrRBAELZQT3xeZQ7fmMOBg6nWNmJKTcgsJeaLstP/UODVpGsr5OhXhhXg6f+qtJ8uiZ+PUxkDWcgIXLw=="
    },
    "nodemailer": {
      "version": "6.4.6",
      "resolved": "https://registry.npmjs.org/nodemailer/-/nodemailer-6.4.6.tgz",
      "integrity": "sha512-/kJ+FYVEm2HuUlw87hjSqTss+GU35D4giOpdSfGp7DO+5h6RlJj7R94YaYHOkoxu1CSaM0d3WRBtCzwXrY6MKA=="
    }
  }
}
